// !$*UTF8*$!
{
	archiveVersion = 1;
	classes = {
	};
	objectVersion = 56;
	objects = {

/* Begin PBXBuildFile section */
		6B3DC0122A868D2900899A38 /* Model.framework in Frameworks */ = {isa = PBXBuildFile; fileRef = 6B3DC0112A868D2900899A38 /* Model.framework */; };
		6B3DC0132A868D2900899A38 /* Model.framework in Embed Frameworks */ = {isa = PBXBuildFile; fileRef = 6B3DC0112A868D2900899A38 /* Model.framework */; settings = {ATTRIBUTES = (CodeSignOnCopy, RemoveHeadersOnCopy, ); }; };
		6B3DC0172A868D2D00899A38 /* Service.framework in Frameworks */ = {isa = PBXBuildFile; fileRef = 6B3DC0162A868D2D00899A38 /* Service.framework */; };
		6B3DC0182A868D2D00899A38 /* Service.framework in Embed Frameworks */ = {isa = PBXBuildFile; fileRef = 6B3DC0162A868D2D00899A38 /* Service.framework */; settings = {ATTRIBUTES = (CodeSignOnCopy, RemoveHeadersOnCopy, ); }; };
		6B3DC01A2A868D3200899A38 /* ViewModel.framework in Frameworks */ = {isa = PBXBuildFile; fileRef = 6B3DC0192A868D3200899A38 /* ViewModel.framework */; };
		6B3DC01B2A868D3200899A38 /* ViewModel.framework in Embed Frameworks */ = {isa = PBXBuildFile; fileRef = 6B3DC0192A868D3200899A38 /* ViewModel.framework */; settings = {ATTRIBUTES = (CodeSignOnCopy, RemoveHeadersOnCopy, ); }; };
		6B7243B42A839DEA0034BC6B /* AppCoordinator.swift in Sources */ = {isa = PBXBuildFile; fileRef = 6B7243B32A839DEA0034BC6B /* AppCoordinator.swift */; };
		6B7244552A83D97D0034BC6B /* View.framework in Frameworks */ = {isa = PBXBuildFile; fileRef = 6B7244362A83BF5E0034BC6B /* View.framework */; };
		6B7244562A83D97D0034BC6B /* View.framework in Embed Frameworks */ = {isa = PBXBuildFile; fileRef = 6B7244362A83BF5E0034BC6B /* View.framework */; settings = {ATTRIBUTES = (CodeSignOnCopy, RemoveHeadersOnCopy, ); }; };
		6B72447A2A851E1F0034BC6B /* ProfileTest.swift in Sources */ = {isa = PBXBuildFile; fileRef = 6B7244792A851E1F0034BC6B /* ProfileTest.swift */; };
		6B72447C2A851E2F0034BC6B /* PostDetailTest.swift in Sources */ = {isa = PBXBuildFile; fileRef = 6B72447B2A851E2E0034BC6B /* PostDetailTest.swift */; };
		6BC0797C2A7E4C7A00EC410A /* VideoViewerApp.swift in Sources */ = {isa = PBXBuildFile; fileRef = 6BC0797B2A7E4C7A00EC410A /* VideoViewerApp.swift */; };
		6BC079802A7E4C7C00EC410A /* Assets.xcassets in Resources */ = {isa = PBXBuildFile; fileRef = 6BC0797F2A7E4C7C00EC410A /* Assets.xcassets */; };
		6BC079832A7E4C7C00EC410A /* Preview Assets.xcassets in Resources */ = {isa = PBXBuildFile; fileRef = 6BC079822A7E4C7C00EC410A /* Preview Assets.xcassets */; };
		6BC0798D2A7E4C7C00EC410A /* VideoViewerTests.swift in Sources */ = {isa = PBXBuildFile; fileRef = 6BC0798C2A7E4C7C00EC410A /* VideoViewerTests.swift */; };
		6BC079972A7E4C7C00EC410A /* HelperClass.swift in Sources */ = {isa = PBXBuildFile; fileRef = 6BC079962A7E4C7C00EC410A /* HelperClass.swift */; };
		6BC079992A7E4C7C00EC410A /* FeedListTests.swift in Sources */ = {isa = PBXBuildFile; fileRef = 6BC079982A7E4C7C00EC410A /* FeedListTests.swift */; };
		6BC07B0D2A7F8BBD00EC410A /* FeedListCoordinator.swift in Sources */ = {isa = PBXBuildFile; fileRef = 6BC07B0C2A7F8BBD00EC410A /* FeedListCoordinator.swift */; };
		6BC07B0F2A7F8BD400EC410A /* ProfileCoordinator.swift in Sources */ = {isa = PBXBuildFile; fileRef = 6BC07B0E2A7F8BD400EC410A /* ProfileCoordinator.swift */; };
		6BC07B112A7F8BED00EC410A /* PostDetailCoordinator.swift in Sources */ = {isa = PBXBuildFile; fileRef = 6BC07B102A7F8BED00EC410A /* PostDetailCoordinator.swift */; };
		6BC07B132A7FC90100EC410A /* Coordinator.swift in Sources */ = {isa = PBXBuildFile; fileRef = 6BC07B122A7FC90100EC410A /* Coordinator.swift */; };
		6BC07B232A7FF15700EC410A /* README.md in Resources */ = {isa = PBXBuildFile; fileRef = 6BC07B1A2A7FF15700EC410A /* README.md */; };
/* End PBXBuildFile section */

/* Begin PBXContainerItemProxy section */
		6B7244352A83BF5E0034BC6B /* PBXContainerItemProxy */ = {
			isa = PBXContainerItemProxy;
			containerPortal = 6BC07A422A7E4F4800EC410A /* View.xcodeproj */;
			proxyType = 2;
			remoteGlobalIDString = 6BC07A2A2A7E4F4800EC410A;
			remoteInfo = View;
		};
		6B7244372A83BF5E0034BC6B /* PBXContainerItemProxy */ = {
			isa = PBXContainerItemProxy;
			containerPortal = 6BC07A422A7E4F4800EC410A /* View.xcodeproj */;
			proxyType = 2;
			remoteGlobalIDString = 6BC07A322A7E4F4800EC410A;
			remoteInfo = ViewTests;
		};
		6BC079892A7E4C7C00EC410A /* PBXContainerItemProxy */ = {
			isa = PBXContainerItemProxy;
			containerPortal = 6BC079702A7E4C7A00EC410A /* Project object */;
			proxyType = 1;
			remoteGlobalIDString = 6BC079772A7E4C7A00EC410A;
			remoteInfo = VideoViewer;
		};
		6BC079932A7E4C7C00EC410A /* PBXContainerItemProxy */ = {
			isa = PBXContainerItemProxy;
			containerPortal = 6BC079702A7E4C7A00EC410A /* Project object */;
			proxyType = 1;
			remoteGlobalIDString = 6BC079772A7E4C7A00EC410A;
			remoteInfo = VideoViewer;
		};
/* End PBXContainerItemProxy section */

/* Begin PBXCopyFilesBuildPhase section */
		6BC07AAE2A7E60FA00EC410A /* Embed Frameworks */ = {
			isa = PBXCopyFilesBuildPhase;
			buildActionMask = 2147483647;
			dstPath = "";
			dstSubfolderSpec = 10;
			files = (
				6B3DC0182A868D2D00899A38 /* Service.framework in Embed Frameworks */,
				6B3DC0132A868D2900899A38 /* Model.framework in Embed Frameworks */,
				6B7244562A83D97D0034BC6B /* View.framework in Embed Frameworks */,
				6B3DC01B2A868D3200899A38 /* ViewModel.framework in Embed Frameworks */,
			);
			name = "Embed Frameworks";
			runOnlyForDeploymentPostprocessing = 0;
		};
/* End PBXCopyFilesBuildPhase section */

/* Begin PBXFileReference section */
		6B3DC0112A868D2900899A38 /* Model.framework */ = {isa = PBXFileReference; explicitFileType = wrapper.framework; path = Model.framework; sourceTree = BUILT_PRODUCTS_DIR; };
		6B3DC0162A868D2D00899A38 /* Service.framework */ = {isa = PBXFileReference; explicitFileType = wrapper.framework; path = Service.framework; sourceTree = BUILT_PRODUCTS_DIR; };
		6B3DC0192A868D3200899A38 /* ViewModel.framework */ = {isa = PBXFileReference; explicitFileType = wrapper.framework; path = ViewModel.framework; sourceTree = BUILT_PRODUCTS_DIR; };
		6B7243B32A839DEA0034BC6B /* AppCoordinator.swift */ = {isa = PBXFileReference; lastKnownFileType = sourcecode.swift; path = AppCoordinator.swift; sourceTree = "<group>"; };
		6B7244792A851E1F0034BC6B /* ProfileTest.swift */ = {isa = PBXFileReference; lastKnownFileType = sourcecode.swift; path = ProfileTest.swift; sourceTree = "<group>"; };
		6B72447B2A851E2E0034BC6B /* PostDetailTest.swift */ = {isa = PBXFileReference; lastKnownFileType = sourcecode.swift; path = PostDetailTest.swift; sourceTree = "<group>"; };
		6BC079782A7E4C7A00EC410A /* VideoViewer.app */ = {isa = PBXFileReference; explicitFileType = wrapper.application; includeInIndex = 0; path = VideoViewer.app; sourceTree = BUILT_PRODUCTS_DIR; };
		6BC0797B2A7E4C7A00EC410A /* VideoViewerApp.swift */ = {isa = PBXFileReference; lastKnownFileType = sourcecode.swift; path = VideoViewerApp.swift; sourceTree = "<group>"; };
		6BC0797F2A7E4C7C00EC410A /* Assets.xcassets */ = {isa = PBXFileReference; lastKnownFileType = folder.assetcatalog; path = Assets.xcassets; sourceTree = "<group>"; };
		6BC079822A7E4C7C00EC410A /* Preview Assets.xcassets */ = {isa = PBXFileReference; lastKnownFileType = folder.assetcatalog; path = "Preview Assets.xcassets"; sourceTree = "<group>"; };
		6BC079882A7E4C7C00EC410A /* VideoViewerTests.xctest */ = {isa = PBXFileReference; explicitFileType = wrapper.cfbundle; includeInIndex = 0; path = VideoViewerTests.xctest; sourceTree = BUILT_PRODUCTS_DIR; };
		6BC0798C2A7E4C7C00EC410A /* VideoViewerTests.swift */ = {isa = PBXFileReference; lastKnownFileType = sourcecode.swift; path = VideoViewerTests.swift; sourceTree = "<group>"; };
		6BC079922A7E4C7C00EC410A /* VideoViewerUITests.xctest */ = {isa = PBXFileReference; explicitFileType = wrapper.cfbundle; includeInIndex = 0; path = VideoViewerUITests.xctest; sourceTree = BUILT_PRODUCTS_DIR; };
		6BC079962A7E4C7C00EC410A /* HelperClass.swift */ = {isa = PBXFileReference; lastKnownFileType = sourcecode.swift; path = HelperClass.swift; sourceTree = "<group>"; };
		6BC079982A7E4C7C00EC410A /* FeedListTests.swift */ = {isa = PBXFileReference; lastKnownFileType = sourcecode.swift; path = FeedListTests.swift; sourceTree = "<group>"; };
		6BC07A422A7E4F4800EC410A /* View.xcodeproj */ = {isa = PBXFileReference; lastKnownFileType = "wrapper.pb-project"; name = View.xcodeproj; path = View/View/View.xcodeproj; sourceTree = "<group>"; };
		6BC07A9F2A7E5F0B00EC410A /* Info.plist */ = {isa = PBXFileReference; lastKnownFileType = text.plist; path = Info.plist; sourceTree = "<group>"; };
		6BC07B0C2A7F8BBD00EC410A /* FeedListCoordinator.swift */ = {isa = PBXFileReference; lastKnownFileType = sourcecode.swift; path = FeedListCoordinator.swift; sourceTree = "<group>"; };
		6BC07B0E2A7F8BD400EC410A /* ProfileCoordinator.swift */ = {isa = PBXFileReference; lastKnownFileType = sourcecode.swift; path = ProfileCoordinator.swift; sourceTree = "<group>"; };
		6BC07B102A7F8BED00EC410A /* PostDetailCoordinator.swift */ = {isa = PBXFileReference; lastKnownFileType = sourcecode.swift; path = PostDetailCoordinator.swift; sourceTree = "<group>"; };
		6BC07B122A7FC90100EC410A /* Coordinator.swift */ = {isa = PBXFileReference; lastKnownFileType = sourcecode.swift; path = Coordinator.swift; sourceTree = "<group>"; };
		6BC07B1A2A7FF15700EC410A /* README.md */ = {isa = PBXFileReference; fileEncoding = 4; lastKnownFileType = net.daringfireball.markdown; path = README.md; sourceTree = SOURCE_ROOT; };
/* End PBXFileReference section */

/* Begin PBXFrameworksBuildPhase section */
		6BC079752A7E4C7A00EC410A /* Frameworks */ = {
			isa = PBXFrameworksBuildPhase;
			buildActionMask = 2147483647;
			files = (
				6B3DC0172A868D2D00899A38 /* Service.framework in Frameworks */,
				6B3DC0122A868D2900899A38 /* Model.framework in Frameworks */,
				6B7244552A83D97D0034BC6B /* View.framework in Frameworks */,
				6B3DC01A2A868D3200899A38 /* ViewModel.framework in Frameworks */,
			);
			runOnlyForDeploymentPostprocessing = 0;
		};
		6BC079852A7E4C7C00EC410A /* Frameworks */ = {
			isa = PBXFrameworksBuildPhase;
			buildActionMask = 2147483647;
			files = (
			);
			runOnlyForDeploymentPostprocessing = 0;
		};
		6BC0798F2A7E4C7C00EC410A /* Frameworks */ = {
			isa = PBXFrameworksBuildPhase;
			buildActionMask = 2147483647;
			files = (
			);
			runOnlyForDeploymentPostprocessing = 0;
		};
/* End PBXFrameworksBuildPhase section */

/* Begin PBXGroup section */
		6B7244312A83BF5E0034BC6B /* Products */ = {
			isa = PBXGroup;
			children = (
				6B7244362A83BF5E0034BC6B /* View.framework */,
				6B7244382A83BF5E0034BC6B /* ViewTests.xctest */,
			);
			name = Products;
			sourceTree = "<group>";
		};
		6B7244512A83D9630034BC6B /* Frameworks */ = {
			isa = PBXGroup;
			children = (
				6B3DC0192A868D3200899A38 /* ViewModel.framework */,
				6B3DC0162A868D2D00899A38 /* Service.framework */,
				6B3DC0112A868D2900899A38 /* Model.framework */,
			);
			name = Frameworks;
			sourceTree = "<group>";
		};
		6BC0796F2A7E4C7A00EC410A = {
			isa = PBXGroup;
			children = (
				6BC0797A2A7E4C7A00EC410A /* VideoViewer */,
				6BC0798B2A7E4C7C00EC410A /* VideoViewerTests */,
				6BC079952A7E4C7C00EC410A /* VideoViewerUITests */,
				6BC079792A7E4C7A00EC410A /* Products */,
				6BC07AAB2A7E60FA00EC410A /* Subprojects */,
				6B7244512A83D9630034BC6B /* Frameworks */,
			);
			sourceTree = "<group>";
		};
		6BC079792A7E4C7A00EC410A /* Products */ = {
			isa = PBXGroup;
			children = (
				6BC079782A7E4C7A00EC410A /* VideoViewer.app */,
				6BC079882A7E4C7C00EC410A /* VideoViewerTests.xctest */,
				6BC079922A7E4C7C00EC410A /* VideoViewerUITests.xctest */,
			);
			name = Products;
			sourceTree = "<group>";
		};
		6BC0797A2A7E4C7A00EC410A /* VideoViewer */ = {
			isa = PBXGroup;
			children = (
				6BC07A9F2A7E5F0B00EC410A /* Info.plist */,
				6BC07B1A2A7FF15700EC410A /* README.md */,
				6BC07B122A7FC90100EC410A /* Coordinator.swift */,
				6B7243B32A839DEA0034BC6B /* AppCoordinator.swift */,
				6BC0797B2A7E4C7A00EC410A /* VideoViewerApp.swift */,
				6BC07B0C2A7F8BBD00EC410A /* FeedListCoordinator.swift */,
				6BC07B0E2A7F8BD400EC410A /* ProfileCoordinator.swift */,
				6BC07B102A7F8BED00EC410A /* PostDetailCoordinator.swift */,
				6BC0797F2A7E4C7C00EC410A /* Assets.xcassets */,
				6BC079812A7E4C7C00EC410A /* Preview Content */,
			);
			path = VideoViewer;
			sourceTree = "<group>";
		};
		6BC079812A7E4C7C00EC410A /* Preview Content */ = {
			isa = PBXGroup;
			children = (
				6BC079822A7E4C7C00EC410A /* Preview Assets.xcassets */,
			);
			path = "Preview Content";
			sourceTree = "<group>";
		};
		6BC0798B2A7E4C7C00EC410A /* VideoViewerTests */ = {
			isa = PBXGroup;
			children = (
				6BC0798C2A7E4C7C00EC410A /* VideoViewerTests.swift */,
			);
			path = VideoViewerTests;
			sourceTree = "<group>";
		};
		6BC079952A7E4C7C00EC410A /* VideoViewerUITests */ = {
			isa = PBXGroup;
			children = (
				6BC079962A7E4C7C00EC410A /* HelperClass.swift */,
				6BC079982A7E4C7C00EC410A /* FeedListTests.swift */,
				6B7244792A851E1F0034BC6B /* ProfileTest.swift */,
				6B72447B2A851E2E0034BC6B /* PostDetailTest.swift */,
			);
			path = VideoViewerUITests;
			sourceTree = "<group>";
		};
		6BC07AAB2A7E60FA00EC410A /* Subprojects */ = {
			isa = PBXGroup;
			children = (
				6BC07A422A7E4F4800EC410A /* View.xcodeproj */,
			);
			name = Subprojects;
			sourceTree = "<group>";
		};
/* End PBXGroup section */

/* Begin PBXNativeTarget section */
		6BC079772A7E4C7A00EC410A /* VideoViewer */ = {
			isa = PBXNativeTarget;
			buildConfigurationList = 6BC0799C2A7E4C7C00EC410A /* Build configuration list for PBXNativeTarget "VideoViewer" */;
			buildPhases = (
				6BC079742A7E4C7A00EC410A /* Sources */,
				6BC079752A7E4C7A00EC410A /* Frameworks */,
				6BC079762A7E4C7A00EC410A /* Resources */,
				6BC07AAE2A7E60FA00EC410A /* Embed Frameworks */,
			);
			buildRules = (
			);
			dependencies = (
			);
			name = VideoViewer;
			productName = VideoViewer;
			productReference = 6BC079782A7E4C7A00EC410A /* VideoViewer.app */;
			productType = "com.apple.product-type.application";
		};
		6BC079872A7E4C7C00EC410A /* VideoViewerTests */ = {
			isa = PBXNativeTarget;
			buildConfigurationList = 6BC0799F2A7E4C7C00EC410A /* Build configuration list for PBXNativeTarget "VideoViewerTests" */;
			buildPhases = (
				6BC079842A7E4C7C00EC410A /* Sources */,
				6BC079852A7E4C7C00EC410A /* Frameworks */,
				6BC079862A7E4C7C00EC410A /* Resources */,
			);
			buildRules = (
			);
			dependencies = (
				6BC0798A2A7E4C7C00EC410A /* PBXTargetDependency */,
			);
			name = VideoViewerTests;
			productName = VideoViewerTests;
			productReference = 6BC079882A7E4C7C00EC410A /* VideoViewerTests.xctest */;
			productType = "com.apple.product-type.bundle.unit-test";
		};
		6BC079912A7E4C7C00EC410A /* VideoViewerUITests */ = {
			isa = PBXNativeTarget;
			buildConfigurationList = 6BC079A22A7E4C7C00EC410A /* Build configuration list for PBXNativeTarget "VideoViewerUITests" */;
			buildPhases = (
				6BC0798E2A7E4C7C00EC410A /* Sources */,
				6BC0798F2A7E4C7C00EC410A /* Frameworks */,
				6BC079902A7E4C7C00EC410A /* Resources */,
			);
			buildRules = (
			);
			dependencies = (
				6BC079942A7E4C7C00EC410A /* PBXTargetDependency */,
			);
			name = VideoViewerUITests;
			productName = VideoViewerUITests;
			productReference = 6BC079922A7E4C7C00EC410A /* VideoViewerUITests.xctest */;
			productType = "com.apple.product-type.bundle.ui-testing";
		};
/* End PBXNativeTarget section */

/* Begin PBXProject section */
		6BC079702A7E4C7A00EC410A /* Project object */ = {
			isa = PBXProject;
			attributes = {
				BuildIndependentTargetsInParallel = 1;
				LastSwiftUpdateCheck = 1500;
				LastUpgradeCheck = 1500;
				TargetAttributes = {
					6BC079772A7E4C7A00EC410A = {
						CreatedOnToolsVersion = 15.0;
					};
					6BC079872A7E4C7C00EC410A = {
						CreatedOnToolsVersion = 15.0;
						TestTargetID = 6BC079772A7E4C7A00EC410A;
					};
					6BC079912A7E4C7C00EC410A = {
						CreatedOnToolsVersion = 15.0;
						TestTargetID = 6BC079772A7E4C7A00EC410A;
					};
				};
			};
			buildConfigurationList = 6BC079732A7E4C7A00EC410A /* Build configuration list for PBXProject "VideoViewer" */;
			compatibilityVersion = "Xcode 14.0";
			developmentRegion = en;
			hasScannedForEncodings = 0;
			knownRegions = (
				en,
				Base,
			);
			mainGroup = 6BC0796F2A7E4C7A00EC410A;
			productRefGroup = 6BC079792A7E4C7A00EC410A /* Products */;
			projectDirPath = "";
			projectReferences = (
				{
					ProductGroup = 6B7244312A83BF5E0034BC6B /* Products */;
					ProjectRef = 6BC07A422A7E4F4800EC410A /* View.xcodeproj */;
				},
			);
			projectRoot = "";
			targets = (
				6BC079772A7E4C7A00EC410A /* VideoViewer */,
				6BC079872A7E4C7C00EC410A /* VideoViewerTests */,
				6BC079912A7E4C7C00EC410A /* VideoViewerUITests */,
			);
		};
/* End PBXProject section */

/* Begin PBXReferenceProxy section */
		6B7244362A83BF5E0034BC6B /* View.framework */ = {
			isa = PBXReferenceProxy;
			fileType = wrapper.framework;
			path = View.framework;
			remoteRef = 6B7244352A83BF5E0034BC6B /* PBXContainerItemProxy */;
			sourceTree = BUILT_PRODUCTS_DIR;
		};
		6B7244382A83BF5E0034BC6B /* ViewTests.xctest */ = {
			isa = PBXReferenceProxy;
			fileType = wrapper.cfbundle;
			path = ViewTests.xctest;
			remoteRef = 6B7244372A83BF5E0034BC6B /* PBXContainerItemProxy */;
			sourceTree = BUILT_PRODUCTS_DIR;
		};
/* End PBXReferenceProxy section */

/* Begin PBXResourcesBuildPhase section */
		6BC079762A7E4C7A00EC410A /* Resources */ = {
			isa = PBXResourcesBuildPhase;
			buildActionMask = 2147483647;
			files = (
				6BC07B232A7FF15700EC410A /* README.md in Resources */,
				6BC079832A7E4C7C00EC410A /* Preview Assets.xcassets in Resources */,
				6BC079802A7E4C7C00EC410A /* Assets.xcassets in Resources */,
			);
			runOnlyForDeploymentPostprocessing = 0;
		};
		6BC079862A7E4C7C00EC410A /* Resources */ = {
			isa = PBXResourcesBuildPhase;
			buildActionMask = 2147483647;
			files = (
			);
			runOnlyForDeploymentPostprocessing = 0;
		};
		6BC079902A7E4C7C00EC410A /* Resources */ = {
			isa = PBXResourcesBuildPhase;
			buildActionMask = 2147483647;
			files = (
			);
			runOnlyForDeploymentPostprocessing = 0;
		};
/* End PBXResourcesBuildPhase section */

/* Begin PBXSourcesBuildPhase section */
		6BC079742A7E4C7A00EC410A /* Sources */ = {
			isa = PBXSourcesBuildPhase;
			buildActionMask = 2147483647;
			files = (
				6B7243B42A839DEA0034BC6B /* AppCoordinator.swift in Sources */,
				6BC07B0F2A7F8BD400EC410A /* ProfileCoordinator.swift in Sources */,
				6BC0797C2A7E4C7A00EC410A /* VideoViewerApp.swift in Sources */,
				6BC07B132A7FC90100EC410A /* Coordinator.swift in Sources */,
				6BC07B112A7F8BED00EC410A /* PostDetailCoordinator.swift in Sources */,
				6BC07B0D2A7F8BBD00EC410A /* FeedListCoordinator.swift in Sources */,
			);
			runOnlyForDeploymentPostprocessing = 0;
		};
		6BC079842A7E4C7C00EC410A /* Sources */ = {
			isa = PBXSourcesBuildPhase;
			buildActionMask = 2147483647;
			files = (
				6BC0798D2A7E4C7C00EC410A /* VideoViewerTests.swift in Sources */,
			);
			runOnlyForDeploymentPostprocessing = 0;
		};
		6BC0798E2A7E4C7C00EC410A /* Sources */ = {
			isa = PBXSourcesBuildPhase;
			buildActionMask = 2147483647;
			files = (
				6BC079992A7E4C7C00EC410A /* FeedListTests.swift in Sources */,
				6BC079972A7E4C7C00EC410A /* HelperClass.swift in Sources */,
				6B72447C2A851E2F0034BC6B /* PostDetailTest.swift in Sources */,
				6B72447A2A851E1F0034BC6B /* ProfileTest.swift in Sources */,
			);
			runOnlyForDeploymentPostprocessing = 0;
		};
/* End PBXSourcesBuildPhase section */

/* Begin PBXTargetDependency section */
		6BC0798A2A7E4C7C00EC410A /* PBXTargetDependency */ = {
			isa = PBXTargetDependency;
			target = 6BC079772A7E4C7A00EC410A /* VideoViewer */;
			targetProxy = 6BC079892A7E4C7C00EC410A /* PBXContainerItemProxy */;
		};
		6BC079942A7E4C7C00EC410A /* PBXTargetDependency */ = {
			isa = PBXTargetDependency;
			target = 6BC079772A7E4C7A00EC410A /* VideoViewer */;
			targetProxy = 6BC079932A7E4C7C00EC410A /* PBXContainerItemProxy */;
		};
/* End PBXTargetDependency section */

/* Begin XCBuildConfiguration section */
		6BC0799A2A7E4C7C00EC410A /* Debug */ = {
			isa = XCBuildConfiguration;
			buildSettings = {
				ALWAYS_SEARCH_USER_PATHS = NO;
				ASSETCATALOG_COMPILER_GENERATE_SWIFT_ASSET_SYMBOL_EXTENSIONS = YES;
				CLANG_ANALYZER_NONNULL = YES;
				CLANG_ANALYZER_NUMBER_OBJECT_CONVERSION = YES_AGGRESSIVE;
				CLANG_CXX_LANGUAGE_STANDARD = "gnu++20";
				CLANG_ENABLE_MODULES = YES;
				CLANG_ENABLE_OBJC_ARC = YES;
				CLANG_ENABLE_OBJC_WEAK = YES;
				CLANG_WARN_BLOCK_CAPTURE_AUTORELEASING = YES;
				CLANG_WARN_BOOL_CONVERSION = YES;
				CLANG_WARN_COMMA = YES;
				CLANG_WARN_CONSTANT_CONVERSION = YES;
				CLANG_WARN_DEPRECATED_OBJC_IMPLEMENTATIONS = YES;
				CLANG_WARN_DIRECT_OBJC_ISA_USAGE = YES_ERROR;
				CLANG_WARN_DOCUMENTATION_COMMENTS = YES;
				CLANG_WARN_EMPTY_BODY = YES;
				CLANG_WARN_ENUM_CONVERSION = YES;
				CLANG_WARN_INFINITE_RECURSION = YES;
				CLANG_WARN_INT_CONVERSION = YES;
				CLANG_WARN_NON_LITERAL_NULL_CONVERSION = YES;
				CLANG_WARN_OBJC_IMPLICIT_RETAIN_SELF = YES;
				CLANG_WARN_OBJC_LITERAL_CONVERSION = YES;
				CLANG_WARN_OBJC_ROOT_CLASS = YES_ERROR;
				CLANG_WARN_QUOTED_INCLUDE_IN_FRAMEWORK_HEADER = YES;
				CLANG_WARN_RANGE_LOOP_ANALYSIS = YES;
				CLANG_WARN_STRICT_PROTOTYPES = YES;
				CLANG_WARN_SUSPICIOUS_MOVE = YES;
				CLANG_WARN_UNGUARDED_AVAILABILITY = YES_AGGRESSIVE;
				CLANG_WARN_UNREACHABLE_CODE = YES;
				CLANG_WARN__DUPLICATE_METHOD_MATCH = YES;
				COPY_PHASE_STRIP = NO;
				DEBUG_INFORMATION_FORMAT = dwarf;
				ENABLE_STRICT_OBJC_MSGSEND = YES;
				ENABLE_TESTABILITY = YES;
				ENABLE_USER_SCRIPT_SANDBOXING = YES;
				GCC_C_LANGUAGE_STANDARD = gnu17;
				GCC_DYNAMIC_NO_PIC = NO;
				GCC_NO_COMMON_BLOCKS = YES;
				GCC_OPTIMIZATION_LEVEL = 0;
				GCC_PREPROCESSOR_DEFINITIONS = (
					"DEBUG=1",
					"$(inherited)",
				);
				GCC_WARN_64_TO_32_BIT_CONVERSION = YES;
				GCC_WARN_ABOUT_RETURN_TYPE = YES_ERROR;
				GCC_WARN_UNDECLARED_SELECTOR = YES;
				GCC_WARN_UNINITIALIZED_AUTOS = YES_AGGRESSIVE;
				GCC_WARN_UNUSED_FUNCTION = YES;
				GCC_WARN_UNUSED_VARIABLE = YES;
				IPHONEOS_DEPLOYMENT_TARGET = 17.0;
				LOCALIZATION_PREFERS_STRING_CATALOGS = YES;
				MTL_ENABLE_DEBUG_INFO = INCLUDE_SOURCE;
				MTL_FAST_MATH = YES;
				ONLY_ACTIVE_ARCH = YES;
				SDKROOT = iphoneos;
				SWIFT_ACTIVE_COMPILATION_CONDITIONS = "DEBUG $(inherited)";
				SWIFT_OPTIMIZATION_LEVEL = "-Onone";
			};
			name = Debug;
		};
		6BC0799B2A7E4C7C00EC410A /* Release */ = {
			isa = XCBuildConfiguration;
			buildSettings = {
				ALWAYS_SEARCH_USER_PATHS = NO;
				ASSETCATALOG_COMPILER_GENERATE_SWIFT_ASSET_SYMBOL_EXTENSIONS = YES;
				CLANG_ANALYZER_NONNULL = YES;
				CLANG_ANALYZER_NUMBER_OBJECT_CONVERSION = YES_AGGRESSIVE;
				CLANG_CXX_LANGUAGE_STANDARD = "gnu++20";
				CLANG_ENABLE_MODULES = YES;
				CLANG_ENABLE_OBJC_ARC = YES;
				CLANG_ENABLE_OBJC_WEAK = YES;
				CLANG_WARN_BLOCK_CAPTURE_AUTORELEASING = YES;
				CLANG_WARN_BOOL_CONVERSION = YES;
				CLANG_WARN_COMMA = YES;
				CLANG_WARN_CONSTANT_CONVERSION = YES;
				CLANG_WARN_DEPRECATED_OBJC_IMPLEMENTATIONS = YES;
				CLANG_WARN_DIRECT_OBJC_ISA_USAGE = YES_ERROR;
				CLANG_WARN_DOCUMENTATION_COMMENTS = YES;
				CLANG_WARN_EMPTY_BODY = YES;
				CLANG_WARN_ENUM_CONVERSION = YES;
				CLANG_WARN_INFINITE_RECURSION = YES;
				CLANG_WARN_INT_CONVERSION = YES;
				CLANG_WARN_NON_LITERAL_NULL_CONVERSION = YES;
				CLANG_WARN_OBJC_IMPLICIT_RETAIN_SELF = YES;
				CLANG_WARN_OBJC_LITERAL_CONVERSION = YES;
				CLANG_WARN_OBJC_ROOT_CLASS = YES_ERROR;
				CLANG_WARN_QUOTED_INCLUDE_IN_FRAMEWORK_HEADER = YES;
				CLANG_WARN_RANGE_LOOP_ANALYSIS = YES;
				CLANG_WARN_STRICT_PROTOTYPES = YES;
				CLANG_WARN_SUSPICIOUS_MOVE = YES;
				CLANG_WARN_UNGUARDED_AVAILABILITY = YES_AGGRESSIVE;
				CLANG_WARN_UNREACHABLE_CODE = YES;
				CLANG_WARN__DUPLICATE_METHOD_MATCH = YES;
				COPY_PHASE_STRIP = NO;
				DEBUG_INFORMATION_FORMAT = "dwarf-with-dsym";
				ENABLE_NS_ASSERTIONS = NO;
				ENABLE_STRICT_OBJC_MSGSEND = YES;
				ENABLE_USER_SCRIPT_SANDBOXING = YES;
				GCC_C_LANGUAGE_STANDARD = gnu17;
				GCC_NO_COMMON_BLOCKS = YES;
				GCC_WARN_64_TO_32_BIT_CONVERSION = YES;
				GCC_WARN_ABOUT_RETURN_TYPE = YES_ERROR;
				GCC_WARN_UNDECLARED_SELECTOR = YES;
				GCC_WARN_UNINITIALIZED_AUTOS = YES_AGGRESSIVE;
				GCC_WARN_UNUSED_FUNCTION = YES;
				GCC_WARN_UNUSED_VARIABLE = YES;
				IPHONEOS_DEPLOYMENT_TARGET = 17.0;
				LOCALIZATION_PREFERS_STRING_CATALOGS = YES;
				MTL_ENABLE_DEBUG_INFO = NO;
				MTL_FAST_MATH = YES;
				SDKROOT = iphoneos;
				SWIFT_COMPILATION_MODE = wholemodule;
				VALIDATE_PRODUCT = YES;
			};
			name = Release;
		};
		6BC0799D2A7E4C7C00EC410A /* Debug */ = {
			isa = XCBuildConfiguration;
			buildSettings = {
				ASSETCATALOG_COMPILER_APPICON_NAME = AppIcon;
				ASSETCATALOG_COMPILER_GLOBAL_ACCENT_COLOR_NAME = AccentColor;
				CODE_SIGN_STYLE = Automatic;
				CURRENT_PROJECT_VERSION = 1;
				DEVELOPMENT_ASSET_PATHS = "\"VideoViewer/Preview Content\"";
				ENABLE_PREVIEWS = YES;
				GENERATE_INFOPLIST_FILE = YES;
				INFOPLIST_FILE = VideoViewer/Info.plist;
				INFOPLIST_KEY_UIApplicationSceneManifest_Generation = YES;
				INFOPLIST_KEY_UIApplicationSupportsIndirectInputEvents = YES;
				INFOPLIST_KEY_UILaunchScreen_Generation = YES;
				INFOPLIST_KEY_UISupportedInterfaceOrientations_iPad = "UIInterfaceOrientationPortrait UIInterfaceOrientationPortraitUpsideDown UIInterfaceOrientationLandscapeLeft UIInterfaceOrientationLandscapeRight";
				INFOPLIST_KEY_UISupportedInterfaceOrientations_iPhone = "UIInterfaceOrientationPortrait UIInterfaceOrientationLandscapeLeft UIInterfaceOrientationLandscapeRight";
				LD_RUNPATH_SEARCH_PATHS = (
					"$(inherited)",
					"@executable_path/Frameworks",
				);
				MARKETING_VERSION = 1.0;
				PRODUCT_BUNDLE_IDENTIFIER = www.abhiraj.com.VideoViewer;
				PRODUCT_NAME = "$(TARGET_NAME)";
				SUPPORTED_PLATFORMS = "iphoneos iphonesimulator";
				SUPPORTS_MACCATALYST = NO;
				SUPPORTS_MAC_DESIGNED_FOR_IPHONE_IPAD = NO;
				SWIFT_EMIT_LOC_STRINGS = YES;
				SWIFT_VERSION = 5.0;
				TARGETED_DEVICE_FAMILY = 1;
			};
			name = Debug;
		};
		6BC0799E2A7E4C7C00EC410A /* Release */ = {
			isa = XCBuildConfiguration;
			buildSettings = {
				ASSETCATALOG_COMPILER_APPICON_NAME = AppIcon;
				ASSETCATALOG_COMPILER_GLOBAL_ACCENT_COLOR_NAME = AccentColor;
				CODE_SIGN_STYLE = Automatic;
				CURRENT_PROJECT_VERSION = 1;
				DEVELOPMENT_ASSET_PATHS = "\"VideoViewer/Preview Content\"";
				ENABLE_PREVIEWS = YES;
				GENERATE_INFOPLIST_FILE = YES;
				INFOPLIST_FILE = VideoViewer/Info.plist;
				INFOPLIST_KEY_UIApplicationSceneManifest_Generation = YES;
				INFOPLIST_KEY_UIApplicationSupportsIndirectInputEvents = YES;
				INFOPLIST_KEY_UILaunchScreen_Generation = YES;
				INFOPLIST_KEY_UISupportedInterfaceOrientations_iPad = "UIInterfaceOrientationPortrait UIInterfaceOrientationPortraitUpsideDown UIInterfaceOrientationLandscapeLeft UIInterfaceOrientationLandscapeRight";
				INFOPLIST_KEY_UISupportedInterfaceOrientations_iPhone = "UIInterfaceOrientationPortrait UIInterfaceOrientationLandscapeLeft UIInterfaceOrientationLandscapeRight";
				LD_RUNPATH_SEARCH_PATHS = (
					"$(inherited)",
					"@executable_path/Frameworks",
				);
				MARKETING_VERSION = 1.0;
				PRODUCT_BUNDLE_IDENTIFIER = www.abhiraj.com.VideoViewer;
				PRODUCT_NAME = "$(TARGET_NAME)";
				SUPPORTED_PLATFORMS = "iphoneos iphonesimulator";
				SUPPORTS_MACCATALYST = NO;
				SUPPORTS_MAC_DESIGNED_FOR_IPHONE_IPAD = NO;
				SWIFT_EMIT_LOC_STRINGS = YES;
				SWIFT_VERSION = 5.0;
				TARGETED_DEVICE_FAMILY = 1;
			};
			name = Release;
		};
		6BC079A02A7E4C7C00EC410A /* Debug */ = {
			isa = XCBuildConfiguration;
			buildSettings = {
				ALWAYS_EMBED_SWIFT_STANDARD_LIBRARIES = YES;
				BUNDLE_LOADER = "$(TEST_HOST)";
				CODE_SIGN_STYLE = Automatic;
				CURRENT_PROJECT_VERSION = 1;
				GENERATE_INFOPLIST_FILE = YES;
				IPHONEOS_DEPLOYMENT_TARGET = 17.0;
				MARKETING_VERSION = 1.0;
				PRODUCT_BUNDLE_IDENTIFIER = www.abhiraj.com.VideoViewerTests;
				PRODUCT_NAME = "$(TARGET_NAME)";
				SWIFT_EMIT_LOC_STRINGS = NO;
				SWIFT_VERSION = 5.0;
				TARGETED_DEVICE_FAMILY = "1,2";
				TEST_HOST = "$(BUILT_PRODUCTS_DIR)/VideoViewer.app/$(BUNDLE_EXECUTABLE_FOLDER_PATH)/VideoViewer";
			};
			name = Debug;
		};
		6BC079A12A7E4C7C00EC410A /* Release */ = {
			isa = XCBuildConfiguration;
			buildSettings = {
				ALWAYS_EMBED_SWIFT_STANDARD_LIBRARIES = YES;
				BUNDLE_LOADER = "$(TEST_HOST)";
				CODE_SIGN_STYLE = Automatic;
				CURRENT_PROJECT_VERSION = 1;
				GENERATE_INFOPLIST_FILE = YES;
				IPHONEOS_DEPLOYMENT_TARGET = 17.0;
				MARKETING_VERSION = 1.0;
				PRODUCT_BUNDLE_IDENTIFIER = www.abhiraj.com.VideoViewerTests;
				PRODUCT_NAME = "$(TARGET_NAME)";
				SWIFT_EMIT_LOC_STRINGS = NO;
				SWIFT_VERSION = 5.0;
				TARGETED_DEVICE_FAMILY = "1,2";
				TEST_HOST = "$(BUILT_PRODUCTS_DIR)/VideoViewer.app/$(BUNDLE_EXECUTABLE_FOLDER_PATH)/VideoViewer";
			};
			name = Release;
		};
		6BC079A32A7E4C7C00EC410A /* Debug */ = {
			isa = XCBuildConfiguration;
			buildSettings = {
				ALWAYS_EMBED_SWIFT_STANDARD_LIBRARIES = YES;
				CODE_SIGN_STYLE = Automatic;
				CURRENT_PROJECT_VERSION = 1;
				GENERATE_INFOPLIST_FILE = YES;
				MARKETING_VERSION = 1.0;
				PRODUCT_BUNDLE_IDENTIFIER = www.abhiraj.com.VideoViewerUITests;
				PRODUCT_NAME = "$(TARGET_NAME)";
				SWIFT_EMIT_LOC_STRINGS = NO;
				SWIFT_VERSION = 5.0;
				TARGETED_DEVICE_FAMILY = "1,2";
				TEST_TARGET_NAME = VideoViewer;
			};
			name = Debug;
		};
		6BC079A42A7E4C7C00EC410A /* Release */ = {
			isa = XCBuildConfiguration;
			buildSettings = {
				ALWAYS_EMBED_SWIFT_STANDARD_LIBRARIES = YES;
				CODE_SIGN_STYLE = Automatic;
				CURRENT_PROJECT_VERSION = 1;
				GENERATE_INFOPLIST_FILE = YES;
				MARKETING_VERSION = 1.0;
				PRODUCT_BUNDLE_IDENTIFIER = www.abhiraj.com.VideoViewerUITests;
				PRODUCT_NAME = "$(TARGET_NAME)";
				SWIFT_EMIT_LOC_STRINGS = NO;
				SWIFT_VERSION = 5.0;
				TARGETED_DEVICE_FAMILY = "1,2";
				TEST_TARGET_NAME = VideoViewer;
			};
			name = Release;
		};
/* End XCBuildConfiguration section */

/* Begin XCConfigurationList section */
		6BC079732A7E4C7A00EC410A /* Build configuration list for PBXProject "VideoViewer" */ = {
			isa = XCConfigurationList;
			buildConfigurations = (
				6BC0799A2A7E4C7C00EC410A /* Debug */,
				6BC0799B2A7E4C7C00EC410A /* Release */,
			);
			defaultConfigurationIsVisible = 0;
			defaultConfigurationName = Release;
		};
		6BC0799C2A7E4C7C00EC410A /* Build configuration list for PBXNativeTarget "VideoViewer" */ = {
			isa = XCConfigurationList;
			buildConfigurations = (
				6BC0799D2A7E4C7C00EC410A /* Debug */,
				6BC0799E2A7E4C7C00EC410A /* Release */,
			);
			defaultConfigurationIsVisible = 0;
			defaultConfigurationName = Release;
		};
		6BC0799F2A7E4C7C00EC410A /* Build configuration list for PBXNativeTarget "VideoViewerTests" */ = {
			isa = XCConfigurationList;
			buildConfigurations = (
				6BC079A02A7E4C7C00EC410A /* Debug */,
				6BC079A12A7E4C7C00EC410A /* Release */,
			);
			defaultConfigurationIsVisible = 0;
			defaultConfigurationName = Release;
		};
		6BC079A22A7E4C7C00EC410A /* Build configuration list for PBXNativeTarget "VideoViewerUITests" */ = {
			isa = XCConfigurationList;
			buildConfigurations = (
				6BC079A32A7E4C7C00EC410A /* Debug */,
				6BC079A42A7E4C7C00EC410A /* Release */,
			);
			defaultConfigurationIsVisible = 0;
			defaultConfigurationName = Release;
		};
/* End XCConfigurationList section */
	};
	rootObject = 6BC079702A7E4C7A00EC410A /* Project object */;
}
